// !$*UTF8*$!
{
	archiveVersion = 1;
	classes = {
	};
	objectVersion = 48;
	objects = {

/* Begin PBXBuildFile section */
		33ED345AAFDAC0052E2B3F22 /* Pods_Smack.framework in Frameworks */ = {isa = PBXBuildFile; fileRef = 5AF642FE01C6BA52B92C8DF6 /* Pods_Smack.framework */; };
		3B2AE09F1F3C10DF000664ED /* AvatarPickerVC.swift in Sources */ = {isa = PBXBuildFile; fileRef = 3B2AE09E1F3C10DF000664ED /* AvatarPickerVC.swift */; };
		3B2AE0A11F3C12AC000664ED /* AvatarCell.swift in Sources */ = {isa = PBXBuildFile; fileRef = 3B2AE0A01F3C12AC000664ED /* AvatarCell.swift */; };
		3B3C84E91F3946E500FC137C /* AppDelegate.swift in Sources */ = {isa = PBXBuildFile; fileRef = 3B3C84E81F3946E500FC137C /* AppDelegate.swift */; };
		3B3C84EE1F3946E500FC137C /* Main.storyboard in Resources */ = {isa = PBXBuildFile; fileRef = 3B3C84EC1F3946E500FC137C /* Main.storyboard */; };
		3B3C84F01F3946E500FC137C /* Assets.xcassets in Resources */ = {isa = PBXBuildFile; fileRef = 3B3C84EF1F3946E500FC137C /* Assets.xcassets */; };
		3B3C84F31F3946E500FC137C /* LaunchScreen.storyboard in Resources */ = {isa = PBXBuildFile; fileRef = 3B3C84F11F3946E500FC137C /* LaunchScreen.storyboard */; };
		3B5C2B181F397EFF00810A96 /* CreateAccountVC.swift in Sources */ = {isa = PBXBuildFile; fileRef = 3B5C2B171F397EFF00810A96 /* CreateAccountVC.swift */; };
		3B77BA271F394DE600E45DCC /* SWRevealViewController.m in Sources */ = {isa = PBXBuildFile; fileRef = 3B77BA261F394DE600E45DCC /* SWRevealViewController.m */; };
		3B77BA2C1F3950A800E45DCC /* ChatVC.swift in Sources */ = {isa = PBXBuildFile; fileRef = 3B77BA2B1F3950A800E45DCC /* ChatVC.swift */; };
		3B77BA2E1F3950B800E45DCC /* ChannelVC.swift in Sources */ = {isa = PBXBuildFile; fileRef = 3B77BA2D1F3950B800E45DCC /* ChannelVC.swift */; };
		3B77BA301F3954DE00E45DCC /* GradientView.swift in Sources */ = {isa = PBXBuildFile; fileRef = 3B77BA2F1F3954DE00E45DCC /* GradientView.swift */; };
		3B77BA331F396A2000E45DCC /* Constants.swift in Sources */ = {isa = PBXBuildFile; fileRef = 3B77BA321F396A2000E45DCC /* Constants.swift */; };
		3B77BA351F39722E00E45DCC /* LoginVC.swift in Sources */ = {isa = PBXBuildFile; fileRef = 3B77BA341F39722E00E45DCC /* LoginVC.swift */; };
		3BEA2DF51F3B9F3B009A73B5 /* AuthService.swift in Sources */ = {isa = PBXBuildFile; fileRef = 3BEA2DF41F3B9F3B009A73B5 /* AuthService.swift */; };
		3BEA2DF71F3BF919009A73B5 /* RoundedButton.swift in Sources */ = {isa = PBXBuildFile; fileRef = 3BEA2DF61F3BF919009A73B5 /* RoundedButton.swift */; };
		CDAC1CADA120997301148985 /* UserDataService.swift in Sources */ = {isa = PBXBuildFile; fileRef = CDAC1419E3AFE95CECFBB2D8 /* UserDataService.swift */; };
/* End PBXBuildFile section */

/* Begin PBXFileReference section */
		282D981E11FE02898BDF5951 /* Pods-Smack.release.xcconfig */ = {isa = PBXFileReference; includeInIndex = 1; lastKnownFileType = text.xcconfig; name = "Pods-Smack.release.xcconfig"; path = "Pods/Target Support Files/Pods-Smack/Pods-Smack.release.xcconfig"; sourceTree = "<group>"; };
		3B2AE09E1F3C10DF000664ED /* AvatarPickerVC.swift */ = {isa = PBXFileReference; lastKnownFileType = sourcecode.swift; path = AvatarPickerVC.swift; sourceTree = "<group>"; };
		3B2AE0A01F3C12AC000664ED /* AvatarCell.swift */ = {isa = PBXFileReference; lastKnownFileType = sourcecode.swift; path = AvatarCell.swift; sourceTree = "<group>"; };
		3B3C84E51F3946E500FC137C /* Smack.app */ = {isa = PBXFileReference; explicitFileType = wrapper.application; includeInIndex = 0; path = Smack.app; sourceTree = BUILT_PRODUCTS_DIR; };
		3B3C84E81F3946E500FC137C /* AppDelegate.swift */ = {isa = PBXFileReference; lastKnownFileType = sourcecode.swift; path = AppDelegate.swift; sourceTree = "<group>"; };
		3B3C84ED1F3946E500FC137C /* Base */ = {isa = PBXFileReference; lastKnownFileType = file.storyboard; name = Base; path = Base.lproj/Main.storyboard; sourceTree = "<group>"; };
		3B3C84EF1F3946E500FC137C /* Assets.xcassets */ = {isa = PBXFileReference; lastKnownFileType = folder.assetcatalog; path = Assets.xcassets; sourceTree = "<group>"; };
		3B3C84F21F3946E500FC137C /* Base */ = {isa = PBXFileReference; lastKnownFileType = file.storyboard; name = Base; path = Base.lproj/LaunchScreen.storyboard; sourceTree = "<group>"; };
		3B3C84F41F3946E500FC137C /* Info.plist */ = {isa = PBXFileReference; lastKnownFileType = text.plist.xml; path = Info.plist; sourceTree = "<group>"; };
		3B5C2B171F397EFF00810A96 /* CreateAccountVC.swift */ = {isa = PBXFileReference; lastKnownFileType = sourcecode.swift; path = CreateAccountVC.swift; sourceTree = "<group>"; };
		3B77BA241F394DE500E45DCC /* Smack-Bridging-Header.h */ = {isa = PBXFileReference; lastKnownFileType = sourcecode.c.h; path = "Smack-Bridging-Header.h"; sourceTree = "<group>"; };
		3B77BA251F394DE500E45DCC /* SWRevealViewController.h */ = {isa = PBXFileReference; fileEncoding = 4; lastKnownFileType = sourcecode.c.h; name = SWRevealViewController.h; path = "../../../../Desktop/assets/Smack Assets/SWReveal/SWRevealViewController.h"; sourceTree = "<group>"; };
		3B77BA261F394DE600E45DCC /* SWRevealViewController.m */ = {isa = PBXFileReference; fileEncoding = 4; lastKnownFileType = sourcecode.c.objc; name = SWRevealViewController.m; path = "../../../../Desktop/assets/Smack Assets/SWReveal/SWRevealViewController.m"; sourceTree = "<group>"; };
		3B77BA2B1F3950A800E45DCC /* ChatVC.swift */ = {isa = PBXFileReference; lastKnownFileType = sourcecode.swift; path = ChatVC.swift; sourceTree = "<group>"; };
		3B77BA2D1F3950B800E45DCC /* ChannelVC.swift */ = {isa = PBXFileReference; lastKnownFileType = sourcecode.swift; path = ChannelVC.swift; sourceTree = "<group>"; };
		3B77BA2F1F3954DE00E45DCC /* GradientView.swift */ = {isa = PBXFileReference; lastKnownFileType = sourcecode.swift; path = GradientView.swift; sourceTree = "<group>"; };
		3B77BA321F396A2000E45DCC /* Constants.swift */ = {isa = PBXFileReference; lastKnownFileType = sourcecode.swift; path = Constants.swift; sourceTree = "<group>"; };
		3B77BA341F39722E00E45DCC /* LoginVC.swift */ = {isa = PBXFileReference; lastKnownFileType = sourcecode.swift; path = LoginVC.swift; sourceTree = "<group>"; };
		3BEA2DF41F3B9F3B009A73B5 /* AuthService.swift */ = {isa = PBXFileReference; lastKnownFileType = sourcecode.swift; path = AuthService.swift; sourceTree = "<group>"; };
		3BEA2DF61F3BF919009A73B5 /* RoundedButton.swift */ = {isa = PBXFileReference; lastKnownFileType = sourcecode.swift; path = RoundedButton.swift; sourceTree = "<group>"; };
		5AF642FE01C6BA52B92C8DF6 /* Pods_Smack.framework */ = {isa = PBXFileReference; explicitFileType = wrapper.framework; includeInIndex = 0; path = Pods_Smack.framework; sourceTree = BUILT_PRODUCTS_DIR; };
		61D51E0EAB69E3878EB2C276 /* Pods-Smack.debug.xcconfig */ = {isa = PBXFileReference; includeInIndex = 1; lastKnownFileType = text.xcconfig; name = "Pods-Smack.debug.xcconfig"; path = "Pods/Target Support Files/Pods-Smack/Pods-Smack.debug.xcconfig"; sourceTree = "<group>"; };
		CDAC1419E3AFE95CECFBB2D8 /* UserDataService.swift */ = {isa = PBXFileReference; fileEncoding = 4; lastKnownFileType = sourcecode.swift; path = UserDataService.swift; sourceTree = "<group>"; };
/* End PBXFileReference section */

/* Begin PBXFrameworksBuildPhase section */
		3B3C84E21F3946E400FC137C /* Frameworks */ = {
			isa = PBXFrameworksBuildPhase;
			buildActionMask = 2147483647;
			files = (
				33ED345AAFDAC0052E2B3F22 /* Pods_Smack.framework in Frameworks */,
			);
			runOnlyForDeploymentPostprocessing = 0;
		};
/* End PBXFrameworksBuildPhase section */

/* Begin PBXGroup section */
		27D3AF6992D0BB1F0FA500AD /* Pods */ = {
			isa = PBXGroup;
			children = (
				61D51E0EAB69E3878EB2C276 /* Pods-Smack.debug.xcconfig */,
				282D981E11FE02898BDF5951 /* Pods-Smack.release.xcconfig */,
			);
			name = Pods;
			sourceTree = "<group>";
		};
		3B3C84DC1F3946E400FC137C = {
			isa = PBXGroup;
			children = (
				3B3C84E71F3946E500FC137C /* Smack */,
				3B3C84E61F3946E500FC137C /* Products */,
				27D3AF6992D0BB1F0FA500AD /* Pods */,
				9D261439508741DF19040F38 /* Frameworks */,
			);
			sourceTree = "<group>";
		};
		3B3C84E61F3946E500FC137C /* Products */ = {
			isa = PBXGroup;
			children = (
				3B3C84E51F3946E500FC137C /* Smack.app */,
			);
			name = Products;
			sourceTree = "<group>";
		};
		3B3C84E71F3946E500FC137C /* Smack */ = {
			isa = PBXGroup;
			children = (
				3BEA2DF31F3B9F24009A73B5 /* Services */,
				3B77BA311F396A0C00E45DCC /* Utilities */,
				3B77BA291F39506F00E45DCC /* Model */,
				3B77BA2A1F39507400E45DCC /* View */,
				3B77BA281F39506900E45DCC /* Controller */,
				3B77BA231F394DC700E45DCC /* Supporting Files */,
				3B3C84E81F3946E500FC137C /* AppDelegate.swift */,
				3B3C84EC1F3946E500FC137C /* Main.storyboard */,
				3B3C84EF1F3946E500FC137C /* Assets.xcassets */,
				3B3C84F11F3946E500FC137C /* LaunchScreen.storyboard */,
				3B3C84F41F3946E500FC137C /* Info.plist */,
			);
			path = Smack;
			sourceTree = "<group>";
		};
		3B77BA231F394DC700E45DCC /* Supporting Files */ = {
			isa = PBXGroup;
			children = (
				3B77BA251F394DE500E45DCC /* SWRevealViewController.h */,
				3B77BA261F394DE600E45DCC /* SWRevealViewController.m */,
				3B77BA241F394DE500E45DCC /* Smack-Bridging-Header.h */,
			);
			path = "Supporting Files";
			sourceTree = "<group>";
		};
		3B77BA281F39506900E45DCC /* Controller */ = {
			isa = PBXGroup;
			children = (
				3B77BA2B1F3950A800E45DCC /* ChatVC.swift */,
				3B77BA2D1F3950B800E45DCC /* ChannelVC.swift */,
				3B77BA341F39722E00E45DCC /* LoginVC.swift */,
				3B5C2B171F397EFF00810A96 /* CreateAccountVC.swift */,
				3B2AE09E1F3C10DF000664ED /* AvatarPickerVC.swift */,
			);
			path = Controller;
			sourceTree = "<group>";
		};
		3B77BA291F39506F00E45DCC /* Model */ = {
			isa = PBXGroup;
			children = (
			);
			path = Model;
			sourceTree = "<group>";
		};
		3B77BA2A1F39507400E45DCC /* View */ = {
			isa = PBXGroup;
			children = (
				3B77BA2F1F3954DE00E45DCC /* GradientView.swift */,
				3BEA2DF61F3BF919009A73B5 /* RoundedButton.swift */,
				3B2AE0A01F3C12AC000664ED /* AvatarCell.swift */,
			);
			path = View;
			sourceTree = "<group>";
		};
		3B77BA311F396A0C00E45DCC /* Utilities */ = {
			isa = PBXGroup;
			children = (
				3B77BA321F396A2000E45DCC /* Constants.swift */,
			);
			path = Utilities;
			sourceTree = "<group>";
		};
		3BEA2DF31F3B9F24009A73B5 /* Services */ = {
			isa = PBXGroup;
			children = (
				3BEA2DF41F3B9F3B009A73B5 /* AuthService.swift */,
				CDAC1419E3AFE95CECFBB2D8 /* UserDataService.swift */,
			);
			path = Services;
			sourceTree = "<group>";
		};
		9D261439508741DF19040F38 /* Frameworks */ = {
			isa = PBXGroup;
			children = (
				5AF642FE01C6BA52B92C8DF6 /* Pods_Smack.framework */,
			);
			name = Frameworks;
			sourceTree = "<group>";
		};
/* End PBXGroup section */

/* Begin PBXNativeTarget section */
		3B3C84E41F3946E400FC137C /* Smack */ = {
			isa = PBXNativeTarget;
			buildConfigurationList = 3B3C84F71F3946E500FC137C /* Build configuration list for PBXNativeTarget "Smack" */;
			buildPhases = (
				B2E9E6D39A5F8C741A3B3DA1 /* [CP] Check Pods Manifest.lock */,
				3B3C84E11F3946E400FC137C /* Sources */,
				3B3C84E21F3946E400FC137C /* Frameworks */,
				3B3C84E31F3946E400FC137C /* Resources */,
				56C1BEAD027813AC58A0AFB3 /* [CP] Embed Pods Frameworks */,
				EC79B2BBD1C02579D0DF95A0 /* [CP] Copy Pods Resources */,
			);
			buildRules = (
			);
			dependencies = (
			);
			name = Smack;
			productName = Smack;
			productReference = 3B3C84E51F3946E500FC137C /* Smack.app */;
			productType = "com.apple.product-type.application";
		};
/* End PBXNativeTarget section */

/* Begin PBXProject section */
		3B3C84DD1F3946E400FC137C /* Project object */ = {
			isa = PBXProject;
			attributes = {
				LastSwiftUpdateCheck = 0900;
				LastUpgradeCheck = 0900;
				ORGANIZATIONNAME = KingdomBits;
				TargetAttributes = {
					3B3C84E41F3946E400FC137C = {
						CreatedOnToolsVersion = 9.0;
						LastSwiftMigration = 0900;
					};
				};
			};
			buildConfigurationList = 3B3C84E01F3946E400FC137C /* Build configuration list for PBXProject "Smack" */;
			compatibilityVersion = "Xcode 8.0";
			developmentRegion = en;
			hasScannedForEncodings = 0;
			knownRegions = (
				en,
				Base,
			);
			mainGroup = 3B3C84DC1F3946E400FC137C;
			productRefGroup = 3B3C84E61F3946E500FC137C /* Products */;
			projectDirPath = "";
			projectRoot = "";
			targets = (
				3B3C84E41F3946E400FC137C /* Smack */,
			);
		};
/* End PBXProject section */

/* Begin PBXResourcesBuildPhase section */
		3B3C84E31F3946E400FC137C /* Resources */ = {
			isa = PBXResourcesBuildPhase;
			buildActionMask = 2147483647;
			files = (
				3B3C84F31F3946E500FC137C /* LaunchScreen.storyboard in Resources */,
				3B3C84F01F3946E500FC137C /* Assets.xcassets in Resources */,
				3B3C84EE1F3946E500FC137C /* Main.storyboard in Resources */,
			);
			runOnlyForDeploymentPostprocessing = 0;
		};
/* End PBXResourcesBuildPhase section */

/* Begin PBXShellScriptBuildPhase section */
		56C1BEAD027813AC58A0AFB3 /* [CP] Embed Pods Frameworks */ = {
			isa = PBXShellScriptBuildPhase;
			buildActionMask = 2147483647;
			files = (
			);
			inputPaths = (
			);
			name = "[CP] Embed Pods Frameworks";
			outputPaths = (
			);
			runOnlyForDeploymentPostprocessing = 0;
			shellPath = /bin/sh;
			shellScript = "\"${SRCROOT}/Pods/Target Support Files/Pods-Smack/Pods-Smack-frameworks.sh\"\n";
			showEnvVarsInLog = 0;
		};
		B2E9E6D39A5F8C741A3B3DA1 /* [CP] Check Pods Manifest.lock */ = {
			isa = PBXShellScriptBuildPhase;
			buildActionMask = 2147483647;
			files = (
			);
			inputPaths = (
			);
			name = "[CP] Check Pods Manifest.lock";
			outputPaths = (
			);
			runOnlyForDeploymentPostprocessing = 0;
			shellPath = /bin/sh;
			shellScript = "diff \"${PODS_ROOT}/../Podfile.lock\" \"${PODS_ROOT}/Manifest.lock\" > /dev/null\nif [ $? != 0 ] ; then\n    # print error to STDERR\n    echo \"error: The sandbox is not in sync with the Podfile.lock. Run 'pod install' or update your CocoaPods installation.\" >&2\n    exit 1\nfi\n";
			showEnvVarsInLog = 0;
		};
		EC79B2BBD1C02579D0DF95A0 /* [CP] Copy Pods Resources */ = {
			isa = PBXShellScriptBuildPhase;
			buildActionMask = 2147483647;
			files = (
			);
			inputPaths = (
			);
			name = "[CP] Copy Pods Resources";
			outputPaths = (
			);
			runOnlyForDeploymentPostprocessing = 0;
			shellPath = /bin/sh;
			shellScript = "\"${SRCROOT}/Pods/Target Support Files/Pods-Smack/Pods-Smack-resources.sh\"\n";
			showEnvVarsInLog = 0;
		};
/* End PBXShellScriptBuildPhase section */

/* Begin PBXSourcesBuildPhase section */
		3B3C84E11F3946E400FC137C /* Sources */ = {
			isa = PBXSourcesBuildPhase;
			buildActionMask = 2147483647;
			files = (
				3B77BA2E1F3950B800E45DCC /* ChannelVC.swift in Sources */,
				3B2AE09F1F3C10DF000664ED /* AvatarPickerVC.swift in Sources */,
				3BEA2DF71F3BF919009A73B5 /* RoundedButton.swift in Sources */,
				3B77BA2C1F3950A800E45DCC /* ChatVC.swift in Sources */,
				3B5C2B181F397EFF00810A96 /* CreateAccountVC.swift in Sources */,
				3BEA2DF51F3B9F3B009A73B5 /* AuthService.swift in Sources */,
				3B77BA351F39722E00E45DCC /* LoginVC.swift in Sources */,
				3B77BA301F3954DE00E45DCC /* GradientView.swift in Sources */,
				3B3C84E91F3946E500FC137C /* AppDelegate.swift in Sources */,
				3B2AE0A11F3C12AC000664ED /* AvatarCell.swift in Sources */,
				3B77BA271F394DE600E45DCC /* SWRevealViewController.m in Sources */,
				3B77BA331F396A2000E45DCC /* Constants.swift in Sources */,
				CDAC1CADA120997301148985 /* UserDataService.swift in Sources */,
			);
			runOnlyForDeploymentPostprocessing = 0;
		};
/* End PBXSourcesBuildPhase section */

/* Begin PBXVariantGroup section */
		3B3C84EC1F3946E500FC137C /* Main.storyboard */ = {
			isa = PBXVariantGroup;
			children = (
				3B3C84ED1F3946E500FC137C /* Base */,
			);
			name = Main.storyboard;
			sourceTree = "<group>";
		};
		3B3C84F11F3946E500FC137C /* LaunchScreen.storyboard */ = {
			isa = PBXVariantGroup;
			children = (
				3B3C84F21F3946E500FC137C /* Base */,
			);
			name = LaunchScreen.storyboard;
			sourceTree = "<group>";
		};
/* End PBXVariantGroup section */

/* Begin XCBuildConfiguration section */
		3B3C84F51F3946E500FC137C /* Debug */ = {
			isa = XCBuildConfiguration;
			buildSettings = {
				ALWAYS_SEARCH_USER_PATHS = NO;
				CLANG_ANALYZER_NONNULL = YES;
				CLANG_ANALYZER_NUMBER_OBJECT_CONVERSION = YES_AGGRESSIVE;
				CLANG_CXX_LANGUAGE_STANDARD = "gnu++14";
				CLANG_CXX_LIBRARY = "libc++";
				CLANG_ENABLE_MODULES = YES;
				CLANG_ENABLE_OBJC_ARC = YES;
				CLANG_WARN_BLOCK_CAPTURE_AUTORELEASING = YES;
				CLANG_WARN_BOOL_CONVERSION = YES;
				CLANG_WARN_COMMA = YES;
				CLANG_WARN_CONSTANT_CONVERSION = YES;
				CLANG_WARN_DIRECT_OBJC_ISA_USAGE = YES_ERROR;
				CLANG_WARN_DOCUMENTATION_COMMENTS = YES;
				CLANG_WARN_EMPTY_BODY = YES;
				CLANG_WARN_ENUM_CONVERSION = YES;
				CLANG_WARN_INFINITE_RECURSION = YES;
				CLANG_WARN_INT_CONVERSION = YES;
				CLANG_WARN_OBJC_ROOT_CLASS = YES_ERROR;
				CLANG_WARN_RANGE_LOOP_ANALYSIS = YES;
				CLANG_WARN_STRICT_PROTOTYPES = YES;
				CLANG_WARN_SUSPICIOUS_MOVE = YES;
				CLANG_WARN_UNGUARDED_AVAILABILITY = YES_AGGRESSIVE;
				CLANG_WARN_UNREACHABLE_CODE = YES;
				CLANG_WARN__DUPLICATE_METHOD_MATCH = YES;
				CODE_SIGN_IDENTITY = "iPhone Developer";
				COPY_PHASE_STRIP = NO;
				DEBUG_INFORMATION_FORMAT = dwarf;
				ENABLE_STRICT_OBJC_MSGSEND = YES;
				ENABLE_TESTABILITY = YES;
				GCC_C_LANGUAGE_STANDARD = gnu11;
				GCC_DYNAMIC_NO_PIC = NO;
				GCC_NO_COMMON_BLOCKS = YES;
				GCC_OPTIMIZATION_LEVEL = 0;
				GCC_PREPROCESSOR_DEFINITIONS = (
					"DEBUG=1",
					"$(inherited)",
				);
				GCC_WARN_64_TO_32_BIT_CONVERSION = YES;
				GCC_WARN_ABOUT_RETURN_TYPE = YES_ERROR;
				GCC_WARN_UNDECLARED_SELECTOR = YES;
				GCC_WARN_UNINITIALIZED_AUTOS = YES_AGGRESSIVE;
				GCC_WARN_UNUSED_FUNCTION = YES;
				GCC_WARN_UNUSED_VARIABLE = YES;
				IPHONEOS_DEPLOYMENT_TARGET = 11.0;
				MTL_ENABLE_DEBUG_INFO = YES;
				ONLY_ACTIVE_ARCH = YES;
				SDKROOT = iphoneos;
				SWIFT_ACTIVE_COMPILATION_CONDITIONS = DEBUG;
				SWIFT_OPTIMIZATION_LEVEL = "-Onone";
			};
			name = Debug;
		};
		3B3C84F61F3946E500FC137C /* Release */ = {
			isa = XCBuildConfiguration;
			buildSettings = {
				ALWAYS_SEARCH_USER_PATHS = NO;
				CLANG_ANALYZER_NONNULL = YES;
				CLANG_ANALYZER_NUMBER_OBJECT_CONVERSION = YES_AGGRESSIVE;
				CLANG_CXX_LANGUAGE_STANDARD = "gnu++14";
				CLANG_CXX_LIBRARY = "libc++";
				CLANG_ENABLE_MODULES = YES;
				CLANG_ENABLE_OBJC_ARC = YES;
				CLANG_WARN_BLOCK_CAPTURE_AUTORELEASING = YES;
				CLANG_WARN_BOOL_CONVERSION = YES;
				CLANG_WARN_COMMA = YES;
				CLANG_WARN_CONSTANT_CONVERSION = YES;
				CLANG_WARN_DIRECT_OBJC_ISA_USAGE = YES_ERROR;
				CLANG_WARN_DOCUMENTATION_COMMENTS = YES;
				CLANG_WARN_EMPTY_BODY = YES;
				CLANG_WARN_ENUM_CONVERSION = YES;
				CLANG_WARN_INFINITE_RECURSION = YES;
				CLANG_WARN_INT_CONVERSION = YES;
				CLANG_WARN_OBJC_ROOT_CLASS = YES_ERROR;
				CLANG_WARN_RANGE_LOOP_ANALYSIS = YES;
				CLANG_WARN_STRICT_PROTOTYPES = YES;
				CLANG_WARN_SUSPICIOUS_MOVE = YES;
				CLANG_WARN_UNGUARDED_AVAILABILITY = YES_AGGRESSIVE;
				CLANG_WARN_UNREACHABLE_CODE = YES;
				CLANG_WARN__DUPLICATE_METHOD_MATCH = YES;
				CODE_SIGN_IDENTITY = "iPhone Developer";
				COPY_PHASE_STRIP = NO;
				DEBUG_INFORMATION_FORMAT = "dwarf-with-dsym";
				ENABLE_NS_ASSERTIONS = NO;
				ENABLE_STRICT_OBJC_MSGSEND = YES;
				GCC_C_LANGUAGE_STANDARD = gnu11;
				GCC_NO_COMMON_BLOCKS = YES;
				GCC_WARN_64_TO_32_BIT_CONVERSION = YES;
				GCC_WARN_ABOUT_RETURN_TYPE = YES_ERROR;
				GCC_WARN_UNDECLARED_SELECTOR = YES;
				GCC_WARN_UNINITIALIZED_AUTOS = YES_AGGRESSIVE;
				GCC_WARN_UNUSED_FUNCTION = YES;
				GCC_WARN_UNUSED_VARIABLE = YES;
				IPHONEOS_DEPLOYMENT_TARGET = 11.0;
				MTL_ENABLE_DEBUG_INFO = NO;
				SDKROOT = iphoneos;
				SWIFT_OPTIMIZATION_LEVEL = "-Owholemodule";
				VALIDATE_PRODUCT = YES;
			};
			name = Release;
		};
		3B3C84F81F3946E500FC137C /* Debug */ = {
			isa = XCBuildConfiguration;
			baseConfigurationReference = 61D51E0EAB69E3878EB2C276 /* Pods-Smack.debug.xcconfig */;
			buildSettings = {
				ASSETCATALOG_COMPILER_APPICON_NAME = AppIcon;
				CLANG_ENABLE_MODULES = YES;
				DEVELOPMENT_TEAM = F2W629S6B2;
				INFOPLIST_FILE = Smack/Info.plist;
				LD_RUNPATH_SEARCH_PATHS = "$(inherited) @executable_path/Frameworks";
				PRODUCT_BUNDLE_IDENTIFIER = com.kingdombits.Smack;
				PRODUCT_NAME = "$(TARGET_NAME)";
				SWIFT_OBJC_BRIDGING_HEADER = "Smack/Supporting Files/Smack-Bridging-Header.h";
				SWIFT_OPTIMIZATION_LEVEL = "-Onone";
				SWIFT_VERSION = 4.0;
				TARGETED_DEVICE_FAMILY = "1,2";
			};
			name = Debug;
		};
		3B3C84F91F3946E500FC137C /* Release */ = {
			isa = XCBuildConfiguration;
			baseConfigurationReference = 282D981E11FE02898BDF5951 /* Pods-Smack.release.xcconfig */;
			buildSettings = {
				ASSETCATALOG_COMPILER_APPICON_NAME = AppIcon;
				CLANG_ENABLE_MODULES = YES;
				DEVELOPMENT_TEAM = F2W629S6B2;
				INFOPLIST_FILE = Smack/Info.plist;
				LD_RUNPATH_SEARCH_PATHS = "$(inherited) @executable_path/Frameworks";
				PRODUCT_BUNDLE_IDENTIFIER = com.kingdombits.Smack;
				PRODUCT_NAME = "$(TARGET_NAME)";
				SWIFT_OBJC_BRIDGING_HEADER = "Smack/Supporting Files/Smack-Bridging-Header.h";
				SWIFT_VERSION = 4.0;
				TARGETED_DEVICE_FAMILY = "1,2";
			};
			name = Release;
		};
/* End XCBuildConfiguration section */

/* Begin XCConfigurationList section */
		3B3C84E01F3946E400FC137C /* Build configuration list for PBXProject "Smack" */ = {
			isa = XCConfigurationList;
			buildConfigurations = (
				3B3C84F51F3946E500FC137C /* Debug */,
				3B3C84F61F3946E500FC137C /* Release */,
			);
			defaultConfigurationIsVisible = 0;
			defaultConfigurationName = Release;
		};
		3B3C84F71F3946E500FC137C /* Build configuration list for PBXNativeTarget "Smack" */ = {
			isa = XCConfigurationList;
			buildConfigurations = (
				3B3C84F81F3946E500FC137C /* Debug */,
				3B3C84F91F3946E500FC137C /* Release */,
			);
			defaultConfigurationIsVisible = 0;
			defaultConfigurationName = Release;
		};
/* End XCConfigurationList section */
	};
	rootObject = 3B3C84DD1F3946E400FC137C /* Project object */;
}
